// !$*UTF8*$!
{
	archiveVersion = 1;
	classes = {
	};
	objectVersion = 50;
	objects = {

/* Begin PBXBuildFile section */
		654CA434242DEBE00003C103 /* AppDelegate.swift in Sources */ = {isa = PBXBuildFile; fileRef = 654CA433242DEBE00003C103 /* AppDelegate.swift */; };
		654CA436242DEBE00003C103 /* SceneDelegate.swift in Sources */ = {isa = PBXBuildFile; fileRef = 654CA435242DEBE00003C103 /* SceneDelegate.swift */; };
		654CA438242DEBE00003C103 /* ViewController.swift in Sources */ = {isa = PBXBuildFile; fileRef = 654CA437242DEBE00003C103 /* ViewController.swift */; };
		654CA43B242DEBE00003C103 /* Main.storyboard in Resources */ = {isa = PBXBuildFile; fileRef = 654CA439242DEBE00003C103 /* Main.storyboard */; };
		654CA43D242DEBE10003C103 /* Assets.xcassets in Resources */ = {isa = PBXBuildFile; fileRef = 654CA43C242DEBE10003C103 /* Assets.xcassets */; };
		654CA440242DEBE10003C103 /* LaunchScreen.storyboard in Resources */ = {isa = PBXBuildFile; fileRef = 654CA43E242DEBE10003C103 /* LaunchScreen.storyboard */; };
		654CA448242DEFD40003C103 /* Resnet50.mlmodel in Sources */ = {isa = PBXBuildFile; fileRef = 654CA447242DEFD40003C103 /* Resnet50.mlmodel */; };
		65A095DC24319F8900712770 /* Inceptionv3.mlmodel in Sources */ = {isa = PBXBuildFile; fileRef = 65A095DB24319F8900712770 /* Inceptionv3.mlmodel */; };
/* End PBXBuildFile section */

/* Begin PBXFileReference section */
		654CA430242DEBE00003C103 /* ImageAi-sampel.app */ = {isa = PBXFileReference; explicitFileType = wrapper.application; includeInIndex = 0; path = "ImageAi-sampel.app"; sourceTree = BUILT_PRODUCTS_DIR; };
		654CA433242DEBE00003C103 /* AppDelegate.swift */ = {isa = PBXFileReference; lastKnownFileType = sourcecode.swift; path = AppDelegate.swift; sourceTree = "<group>"; };
		654CA435242DEBE00003C103 /* SceneDelegate.swift */ = {isa = PBXFileReference; lastKnownFileType = sourcecode.swift; path = SceneDelegate.swift; sourceTree = "<group>"; };
		654CA437242DEBE00003C103 /* ViewController.swift */ = {isa = PBXFileReference; lastKnownFileType = sourcecode.swift; path = ViewController.swift; sourceTree = "<group>"; };
		654CA43A242DEBE00003C103 /* Base */ = {isa = PBXFileReference; lastKnownFileType = file.storyboard; name = Base; path = Base.lproj/Main.storyboard; sourceTree = "<group>"; };
		654CA43C242DEBE10003C103 /* Assets.xcassets */ = {isa = PBXFileReference; lastKnownFileType = folder.assetcatalog; path = Assets.xcassets; sourceTree = "<group>"; };
		654CA43F242DEBE10003C103 /* Base */ = {isa = PBXFileReference; lastKnownFileType = file.storyboard; name = Base; path = Base.lproj/LaunchScreen.storyboard; sourceTree = "<group>"; };
		654CA441242DEBE10003C103 /* Info.plist */ = {isa = PBXFileReference; lastKnownFileType = text.plist.xml; path = Info.plist; sourceTree = "<group>"; };
		654CA447242DEFD40003C103 /* Resnet50.mlmodel */ = {isa = PBXFileReference; lastKnownFileType = file.mlmodel; path = Resnet50.mlmodel; sourceTree = "<group>"; };
		65A095DB24319F8900712770 /* Inceptionv3.mlmodel */ = {isa = PBXFileReference; lastKnownFileType = file.mlmodel; path = Inceptionv3.mlmodel; sourceTree = "<group>"; };
/* End PBXFileReference section */

/* Begin PBXFrameworksBuildPhase section */
		654CA42D242DEBE00003C103 /* Frameworks */ = {
			isa = PBXFrameworksBuildPhase;
			buildActionMask = 2147483647;
			files = (
			);
			runOnlyForDeploymentPostprocessing = 0;
		};
/* End PBXFrameworksBuildPhase section */

/* Begin PBXGroup section */
		654CA427242DEBE00003C103 = {
			isa = PBXGroup;
			children = (
				654CA432242DEBE00003C103 /* ImageAi-sampel */,
				654CA431242DEBE00003C103 /* Products */,
			);
			sourceTree = "<group>";
		};
		654CA431242DEBE00003C103 /* Products */ = {
			isa = PBXGroup;
			children = (
				654CA430242DEBE00003C103 /* ImageAi-sampel.app */,
			);
			name = Products;
			sourceTree = "<group>";
		};
		654CA432242DEBE00003C103 /* ImageAi-sampel */ = {
			isa = PBXGroup;
			children = (
				654CA447242DEFD40003C103 /* Resnet50.mlmodel */,
				65A095DB24319F8900712770 /* Inceptionv3.mlmodel */,
				654CA433242DEBE00003C103 /* AppDelegate.swift */,
				654CA435242DEBE00003C103 /* SceneDelegate.swift */,
				654CA437242DEBE00003C103 /* ViewController.swift */,
				654CA439242DEBE00003C103 /* Main.storyboard */,
				654CA43C242DEBE10003C103 /* Assets.xcassets */,
				654CA43E242DEBE10003C103 /* LaunchScreen.storyboard */,
				654CA441242DEBE10003C103 /* Info.plist */,
			);
			path = "ImageAi-sampel";
			sourceTree = "<group>";
		};
/* End PBXGroup section */

/* Begin PBXNativeTarget section */
		654CA42F242DEBE00003C103 /* ImageAi-sampel */ = {
			isa = PBXNativeTarget;
			buildConfigurationList = 654CA444242DEBE10003C103 /* Build configuration list for PBXNativeTarget "ImageAi-sampel" */;
			buildPhases = (
				654CA42C242DEBE00003C103 /* Sources */,
				654CA42D242DEBE00003C103 /* Frameworks */,
				654CA42E242DEBE00003C103 /* Resources */,
			);
			buildRules = (
			);
			dependencies = (
			);
			name = "ImageAi-sampel";
			productName = "ImageAi-sampel";
			productReference = 654CA430242DEBE00003C103 /* ImageAi-sampel.app */;
			productType = "com.apple.product-type.application";
		};
/* End PBXNativeTarget section */

/* Begin PBXProject section */
		654CA428242DEBE00003C103 /* Project object */ = {
			isa = PBXProject;
			attributes = {
				LastSwiftUpdateCheck = 1140;
				LastUpgradeCheck = 1140;
				ORGANIZATIONNAME = "JONGWOO JIN";
				TargetAttributes = {
					654CA42F242DEBE00003C103 = {
						CreatedOnToolsVersion = 11.4;
					};
				};
			};
			buildConfigurationList = 654CA42B242DEBE00003C103 /* Build configuration list for PBXProject "ImageAi-sampel" */;
			compatibilityVersion = "Xcode 9.3";
			developmentRegion = en;
			hasScannedForEncodings = 0;
			knownRegions = (
				en,
				Base,
			);
			mainGroup = 654CA427242DEBE00003C103;
			productRefGroup = 654CA431242DEBE00003C103 /* Products */;
			projectDirPath = "";
			projectRoot = "";
			targets = (
				654CA42F242DEBE00003C103 /* ImageAi-sampel */,
			);
		};
/* End PBXProject section */

/* Begin PBXResourcesBuildPhase section */
		654CA42E242DEBE00003C103 /* Resources */ = {
			isa = PBXResourcesBuildPhase;
			buildActionMask = 2147483647;
			files = (
				654CA440242DEBE10003C103 /* LaunchScreen.storyboard in Resources */,
				654CA43D242DEBE10003C103 /* Assets.xcassets in Resources */,
				654CA43B242DEBE00003C103 /* Main.storyboard in Resources */,
			);
			runOnlyForDeploymentPostprocessing = 0;
		};
/* End PBXResourcesBuildPhase section */

/* Begin PBXSourcesBuildPhase section */
		654CA42C242DEBE00003C103 /* Sources */ = {
			isa = PBXSourcesBuildPhase;
			buildActionMask = 2147483647;
			files = (
				65A095DC24319F8900712770 /* Inceptionv3.mlmodel in Sources */,
				654CA438242DEBE00003C103 /* ViewController.swift in Sources */,
				654CA434242DEBE00003C103 /* AppDelegate.swift in Sources */,
				654CA448242DEFD40003C103 /* Resnet50.mlmodel in Sources */,
				654CA436242DEBE00003C103 /* SceneDelegate.swift in Sources */,
			);
			runOnlyForDeploymentPostprocessing = 0;
		};
/* End PBXSourcesBuildPhase section */

/* Begin PBXVariantGroup section */
		654CA439242DEBE00003C103 /* Main.storyboard */ = {
			isa = PBXVariantGroup;
			children = (
				654CA43A242DEBE00003C103 /* Base */,
			);
			name = Main.storyboard;
			sourceTree = "<group>";
		};
		654CA43E242DEBE10003C103 /* LaunchScreen.storyboard */ = {
			isa = PBXVariantGroup;
			children = (
				654CA43F242DEBE10003C103 /* Base */,
			);
			name = LaunchScreen.storyboard;
			sourceTree = "<group>";
		};
/* End PBXVariantGroup section */

/* Begin XCBuildConfiguration section */
		654CA442242DEBE10003C103 /* Debug */ = {
			isa = XCBuildConfiguration;
			buildSettings = {
				ALWAYS_SEARCH_USER_PATHS = NO;
				CLANG_ANALYZER_NONNULL = YES;
				CLANG_ANALYZER_NUMBER_OBJECT_CONVERSION = YES_AGGRESSIVE;
				CLANG_CXX_LANGUAGE_STANDARD = "gnu++14";
				CLANG_CXX_LIBRARY = "libc++";
				CLANG_ENABLE_MODULES = YES;
				CLANG_ENABLE_OBJC_ARC = YES;
				CLANG_ENABLE_OBJC_WEAK = YES;
				CLANG_WARN_BLOCK_CAPTURE_AUTORELEASING = YES;
				CLANG_WARN_BOOL_CONVERSION = YES;
				CLANG_WARN_COMMA = YES;
				CLANG_WARN_CONSTANT_CONVERSION = YES;
				CLANG_WARN_DEPRECATED_OBJC_IMPLEMENTATIONS = YES;
				CLANG_WARN_DIRECT_OBJC_ISA_USAGE = YES_ERROR;
				CLANG_WARN_DOCUMENTATION_COMMENTS = YES;
				CLANG_WARN_EMPTY_BODY = YES;
				CLANG_WARN_ENUM_CONVERSION = YES;
				CLANG_WARN_INFINITE_RECURSION = YES;
				CLANG_WARN_INT_CONVERSION = YES;
				CLANG_WARN_NON_LITERAL_NULL_CONVERSION = YES;
				CLANG_WARN_OBJC_IMPLICIT_RETAIN_SELF = YES;
				CLANG_WARN_OBJC_LITERAL_CONVERSION = YES;
				CLANG_WARN_OBJC_ROOT_CLASS = YES_ERROR;
				CLANG_WARN_RANGE_LOOP_ANALYSIS = YES;
				CLANG_WARN_STRICT_PROTOTYPES = YES;
				CLANG_WARN_SUSPICIOUS_MOVE = YES;
				CLANG_WARN_UNGUARDED_AVAILABILITY = YES_AGGRESSIVE;
				CLANG_WARN_UNREACHABLE_CODE = YES;
				CLANG_WARN__DUPLICATE_METHOD_MATCH = YES;
				COPY_PHASE_STRIP = NO;
				DEBUG_INFORMATION_FORMAT = dwarf;
				ENABLE_STRICT_OBJC_MSGSEND = YES;
				ENABLE_TESTABILITY = YES;
				GCC_C_LANGUAGE_STANDARD = gnu11;
				GCC_DYNAMIC_NO_PIC = NO;
				GCC_NO_COMMON_BLOCKS = YES;
				GCC_OPTIMIZATION_LEVEL = 0;
				GCC_PREPROCESSOR_DEFINITIONS = (
					"DEBUG=1",
					"$(inherited)",
				);
				GCC_WARN_64_TO_32_BIT_CONVERSION = YES;
				GCC_WARN_ABOUT_RETURN_TYPE = YES_ERROR;
				GCC_WARN_UNDECLARED_SELECTOR = YES;
				GCC_WARN_UNINITIALIZED_AUTOS = YES_AGGRESSIVE;
				GCC_WARN_UNUSED_FUNCTION = YES;
				GCC_WARN_UNUSED_VARIABLE = YES;
				IPHONEOS_DEPLOYMENT_TARGET = 13.4;
				MTL_ENABLE_DEBUG_INFO = INCLUDE_SOURCE;
				MTL_FAST_MATH = YES;
				ONLY_ACTIVE_ARCH = YES;
				SDKROOT = iphoneos;
				SWIFT_ACTIVE_COMPILATION_CONDITIONS = DEBUG;
				SWIFT_OPTIMIZATION_LEVEL = "-Onone";
			};
			name = Debug;
		};
		654CA443242DEBE10003C103 /* Release */ = {
			isa = XCBuildConfiguration;
			buildSettings = {
				ALWAYS_SEARCH_USER_PATHS = NO;
				CLANG_ANALYZER_NONNULL = YES;
				CLANG_ANALYZER_NUMBER_OBJECT_CONVERSION = YES_AGGRESSIVE;
				CLANG_CXX_LANGUAGE_STANDARD = "gnu++14";
				CLANG_CXX_LIBRARY = "libc++";
				CLANG_ENABLE_MODULES = YES;
				CLANG_ENABLE_OBJC_ARC = YES;
				CLANG_ENABLE_OBJC_WEAK = YES;
				CLANG_WARN_BLOCK_CAPTURE_AUTORELEASING = YES;
				CLANG_WARN_BOOL_CONVERSION = YES;
				CLANG_WARN_COMMA = YES;
				CLANG_WARN_CONSTANT_CONVERSION = YES;
				CLANG_WARN_DEPRECATED_OBJC_IMPLEMENTATIONS = YES;
				CLANG_WARN_DIRECT_OBJC_ISA_USAGE = YES_ERROR;
				CLANG_WARN_DOCUMENTATION_COMMENTS = YES;
				CLANG_WARN_EMPTY_BODY = YES;
				CLANG_WARN_ENUM_CONVERSION = YES;
				CLANG_WARN_INFINITE_RECURSION = YES;
				CLANG_WARN_INT_CONVERSION = YES;
				CLANG_WARN_NON_LITERAL_NULL_CONVERSION = YES;
				CLANG_WARN_OBJC_IMPLICIT_RETAIN_SELF = YES;
				CLANG_WARN_OBJC_LITERAL_CONVERSION = YES;
				CLANG_WARN_OBJC_ROOT_CLASS = YES_ERROR;
				CLANG_WARN_RANGE_LOOP_ANALYSIS = YES;
				CLANG_WARN_STRICT_PROTOTYPES = YES;
				CLANG_WARN_SUSPICIOUS_MOVE = YES;
				CLANG_WARN_UNGUARDED_AVAILABILITY = YES_AGGRESSIVE;
				CLANG_WARN_UNREACHABLE_CODE = YES;
				CLANG_WARN__DUPLICATE_METHOD_MATCH = YES;
				COPY_PHASE_STRIP = NO;
				DEBUG_INFORMATION_FORMAT = "dwarf-with-dsym";
				ENABLE_NS_ASSERTIONS = NO;
				ENABLE_STRICT_OBJC_MSGSEND = YES;
				GCC_C_LANGUAGE_STANDARD = gnu11;
				GCC_NO_COMMON_BLOCKS = YES;
				GCC_WARN_64_TO_32_BIT_CONVERSION = YES;
				GCC_WARN_ABOUT_RETURN_TYPE = YES_ERROR;
				GCC_WARN_UNDECLARED_SELECTOR = YES;
				GCC_WARN_UNINITIALIZED_AUTOS = YES_AGGRESSIVE;
				GCC_WARN_UNUSED_FUNCTION = YES;
				GCC_WARN_UNUSED_VARIABLE = YES;
				IPHONEOS_DEPLOYMENT_TARGET = 13.4;
				MTL_ENABLE_DEBUG_INFO = NO;
				MTL_FAST_MATH = YES;
				SDKROOT = iphoneos;
				SWIFT_COMPILATION_MODE = wholemodule;
				SWIFT_OPTIMIZATION_LEVEL = "-O";
				VALIDATE_PRODUCT = YES;
			};
			name = Release;
		};
		654CA445242DEBE10003C103 /* Debug */ = {
			isa = XCBuildConfiguration;
			buildSettings = {
				ASSETCATALOG_COMPILER_APPICON_NAME = AppIcon;
				CODE_SIGN_STYLE = Automatic;
				DEVELOPMENT_TEAM = 2822CJ3WHD;
				INFOPLIST_FILE = "ImageAi-sampel/Info.plist";
				LD_RUNPATH_SEARCH_PATHS = (
					"$(inherited)",
					"@executable_path/Frameworks",
				);
				PRODUCT_BUNDLE_IDENTIFIER = "a1824jj.ImageAi-sampel";
				PRODUCT_NAME = "$(TARGET_NAME)";
				SWIFT_VERSION = 5.0;
				TARGETED_DEVICE_FAMILY = "1,2";
			};
			name = Debug;
		};
		654CA446242DEBE10003C103 /* Release */ = {
			isa = XCBuildConfiguration;
			buildSettings = {
				ASSETCATALOG_COMPILER_APPICON_NAME = AppIcon;
				CODE_SIGN_STYLE = Automatic;
				DEVELOPMENT_TEAM = 2822CJ3WHD;
				INFOPLIST_FILE = "ImageAi-sampel/Info.plist";
				LD_RUNPATH_SEARCH_PATHS = (
					"$(inherited)",
					"@executable_path/Frameworks",
				);
				PRODUCT_BUNDLE_IDENTIFIER = "a1824jj.ImageAi-sampel";
				PRODUCT_NAME = "$(TARGET_NAME)";
				SWIFT_VERSION = 5.0;
				TARGETED_DEVICE_FAMILY = "1,2";
			};
			name = Release;
		};
/* End XCBuildConfiguration section */

/* Begin XCConfigurationList section */
		654CA42B242DEBE00003C103 /* Build configuration list for PBXProject "ImageAi-sampel" */ = {
			isa = XCConfigurationList;
			buildConfigurations = (
				654CA442242DEBE10003C103 /* Debug */,
				654CA443242DEBE10003C103 /* Release */,
			);
			defaultConfigurationIsVisible = 0;
			defaultConfigurationName = Release;
		};
		654CA444242DEBE10003C103 /* Build configuration list for PBXNativeTarget "ImageAi-sampel" */ = {
			isa = XCConfigurationList;
			buildConfigurations = (
				654CA445242DEBE10003C103 /* Debug */,
				654CA446242DEBE10003C103 /* Release */,
			);
			defaultConfigurationIsVisible = 0;
			defaultConfigurationName = Release;
		};
/* End XCConfigurationList section */
	};
	rootObject = 654CA428242DEBE00003C103 /* Project object */;
}
